
Microsoft Visual Studio Solution File, Format Version 12.00
# Visual Studio Version 16
VisualStudioVersion = 16.0.29728.190
MinimumVisualStudioVersion = 10.0.40219.1
Project("{9A19103F-16F7-4668-BE54-9A1E7A4F7556}") = "EfCoreMigrationLinuxBug.Data", "EfCoreMigrationLinuxBug.Data\EfCoreMigrationLinuxBug.Data.csproj", "{D2FE1CE3-B790-4846-83E5-D1796899062F}"
EndProject
Project("{9A19103F-16F7-4668-BE54-9A1E7A4F7556}") = "EfCoreMigrationLinuxBug", "EfCoreMigrationLinuxBug\EfCoreMigrationLinuxBug.csproj", "{FCB4F9D3-06DE-41BE-BF39-7B215F4D4C52}"
EndProject
Global
	GlobalSection(SolutionConfigurationPlatforms) = preSolution
		Debug|Any CPU = Debug|Any CPU
		Release|Any CPU = Release|Any CPU
	EndGlobalSection
	GlobalSection(ProjectConfigurationPlatforms) = postSolution
		{D2FE1CE3-B790-4846-83E5-D1796899062F}.Debug|Any CPU.ActiveCfg = Debug|Any CPU
		{D2FE1CE3-B790-4846-83E5-D1796899062F}.Debug|Any CPU.Build.0 = Debug|Any CPU
		{D2FE1CE3-B790-4846-83E5-D1796899062F}.Release|Any CPU.ActiveCfg = Release|Any CPU
		{D2FE1CE3-B790-4846-83E5-D1796899062F}.Release|Any CPU.Build.0 = Release|Any CPU
		{FCB4F9D3-06DE-41BE-BF39-7B215F4D4C52}.Debug|Any CPU.ActiveCfg = Debug|Any CPU
		{FCB4F9D3-06DE-41BE-BF39-7B215F4D4C52}.Debug|Any CPU.Build.0 = Debug|Any CPU
		{FCB4F9D3-06DE-41BE-BF39-7B215F4D4C52}.Release|Any CPU.ActiveCfg = Release|Any CPU
		{FCB4F9D3-06DE-41BE-BF39-7B215F4D4C52}.Release|Any CPU.Build.0 = Release|Any CPU
	EndGlobalSection
	GlobalSection(SolutionProperties) = preSolution
		HideSolutionNode = FALSE
	EndGlobalSection
	GlobalSection(ExtensibilityGlobals) = postSolution
		SolutionGuid = {D1AEBB92-F913-4AA9-9629-4BD80E595F4C}
	EndGlobalSection
EndGlobal
